
Microsoft Visual Studio Solution File, Format Version 12.00
# Visual Studio Version 17
VisualStudioVersion = 17.2.32630.192
MinimumVisualStudioVersion = 10.0.40219.1
Project("{2150E333-8FDC-42A3-9474-1A3956D46DE8}") = "Src", "Src", "{1289CACD-F3AB-4426-83A8-121D4BC8EE3C}"
EndProject
Project("{2150E333-8FDC-42A3-9474-1A3956D46DE8}") = "Services", "Services", "{18B9F579-5B0E-4BE5-9DCC-3B489D25F49D}"
EndProject
Project("{2150E333-8FDC-42A3-9474-1A3956D46DE8}") = "BasketService", "BasketService", "{CFAEA825-0143-41AF-A213-0AD5EC268B0C}"
EndProject
Project("{2150E333-8FDC-42A3-9474-1A3956D46DE8}") = "CatalogService", "CatalogService", "{4217E2BD-94D8-4222-9309-1FD98A9CEFEF}"
EndProject
Project("{2150E333-8FDC-42A3-9474-1A3956D46DE8}") = "IndentityService", "IndentityService", "{EC892273-42F6-40AD-8F01-CB9A7442F3EB}"
EndProject
Project("{2150E333-8FDC-42A3-9474-1A3956D46DE8}") = "NotoificationService", "NotoificationService", "{3E5725FE-AE4B-4270-B112-07AA2371CB55}"
EndProject
Project("{2150E333-8FDC-42A3-9474-1A3956D46DE8}") = "OrderService", "OrderService", "{86A82C65-0E5C-42FE-AAD1-E2E34D3ADDEF}"
EndProject
Project("{2150E333-8FDC-42A3-9474-1A3956D46DE8}") = "PaymentService", "PaymentService", "{8C505948-00AE-41D2-A6CF-F16C57605ADA}"
EndProject
Project("{9A19103F-16F7-4668-BE54-9A1E7A4F7556}") = "BasketService.Api", "src\Services\BasketService\BasketService.Api\BasketService.Api.csproj", "{146B4725-7280-498A-A410-BBEE5982227F}"
EndProject
Project("{9A19103F-16F7-4668-BE54-9A1E7A4F7556}") = "CatalogService.Api", "src\Services\CatalogService\CatalogService.Api\CatalogService.Api.csproj", "{8E43CB89-3065-4704-A139-6EE65D7F90B0}"
EndProject
Project("{9A19103F-16F7-4668-BE54-9A1E7A4F7556}") = "IndentityService.Api", "src\Services\IndentityService\IndentityService.Api\IndentityService.Api.csproj", "{FDF2EF7D-9A40-4C2F-AA0E-5C0335E1B3AB}"
EndProject
Project("{9A19103F-16F7-4668-BE54-9A1E7A4F7556}") = "NotoificationService", "src\Services\NotoificationService\NotoificationService\NotoificationService.csproj", "{0484ED6A-9667-41C6-B68C-07CDF4CAAF39}"
EndProject
Project("{9A19103F-16F7-4668-BE54-9A1E7A4F7556}") = "PaymentService.Api", "src\Services\PaymentService\PaymentService.Api\PaymentService.Api.csproj", "{2BA5D622-F829-42DB-9A2A-B76A58DCB7B0}"
EndProject
Project("{9A19103F-16F7-4668-BE54-9A1E7A4F7556}") = "OrderService.Application", "src\Services\OrderService\OrderService.Application\OrderService.Application.csproj", "{8C7C9B74-B4E0-46B7-9596-08A935761BEC}"
EndProject
Project("{9A19103F-16F7-4668-BE54-9A1E7A4F7556}") = "OrderService.Domain", "src\Services\OrderService\OrderService.Domain\OrderService.Domain.csproj", "{21D434AC-3C68-451C-BC5B-60A5872E4926}"
EndProject
Project("{9A19103F-16F7-4668-BE54-9A1E7A4F7556}") = "OrderService.Infrastructure", "src\Services\OrderService\OrderService.Infrastructure\OrderService.Infrastructure.csproj", "{CB216CC1-E68B-4978-80D3-031E3E92557B}"
EndProject
Project("{9A19103F-16F7-4668-BE54-9A1E7A4F7556}") = "OrderService.Api", "src\Services\OrderService\OrderService\OrderService.Api\OrderService.Api.csproj", "{A283450F-161E-403E-8707-E660CFA68EAE}"
EndProject
Project("{2150E333-8FDC-42A3-9474-1A3956D46DE8}") = "WebApiGetWay", "WebApiGetWay", "{26C429F0-5ED2-45EA-B805-B13961C15D4D}"
EndProject
Project("{9A19103F-16F7-4668-BE54-9A1E7A4F7556}") = "Web.Api", "src\WebApiGetWay\Web.Api\Web.Api.csproj", "{99A31991-D27E-4D31-B323-D52ABBAD40A2}"
EndProject
Project("{2150E333-8FDC-42A3-9474-1A3956D46DE8}") = "Clinets", "Clinets", "{0730FB60-081E-4831-A4BF-44A309380D1C}"
EndProject
Project("{2150E333-8FDC-42A3-9474-1A3956D46DE8}") = "BlazovWebApp", "BlazovWebApp", "{FC7FDA99-DF94-4F5B-B134-8A21AE53D0A2}"
EndProject
Project("{9A19103F-16F7-4668-BE54-9A1E7A4F7556}") = "WebApp", "src\Clinets\BlazovWebApp\WebApp\WebApp.csproj", "{00C608A8-7B92-4BCA-87DB-1FEA2EE2545B}"
EndProject
Project("{9A19103F-16F7-4668-BE54-9A1E7A4F7556}") = "Helper.Extensions", "src\Services\OrderService\Helper.Extensions\Helper.Extensions.csproj", "{C17BF750-4C90-48C0-A9F6-6C18DFA3279C}"
EndProject
Global
	GlobalSection(SolutionConfigurationPlatforms) = preSolution
		Debug|Any CPU = Debug|Any CPU
		Release|Any CPU = Release|Any CPU
	EndGlobalSection
	GlobalSection(ProjectConfigurationPlatforms) = postSolution
		{146B4725-7280-498A-A410-BBEE5982227F}.Debug|Any CPU.ActiveCfg = Debug|Any CPU
		{146B4725-7280-498A-A410-BBEE5982227F}.Debug|Any CPU.Build.0 = Debug|Any CPU
		{146B4725-7280-498A-A410-BBEE5982227F}.Release|Any CPU.ActiveCfg = Release|Any CPU
		{146B4725-7280-498A-A410-BBEE5982227F}.Release|Any CPU.Build.0 = Release|Any CPU
		{8E43CB89-3065-4704-A139-6EE65D7F90B0}.Debug|Any CPU.ActiveCfg = Debug|Any CPU
		{8E43CB89-3065-4704-A139-6EE65D7F90B0}.Debug|Any CPU.Build.0 = Debug|Any CPU
		{8E43CB89-3065-4704-A139-6EE65D7F90B0}.Release|Any CPU.ActiveCfg = Release|Any CPU
		{8E43CB89-3065-4704-A139-6EE65D7F90B0}.Release|Any CPU.Build.0 = Release|Any CPU
		{FDF2EF7D-9A40-4C2F-AA0E-5C0335E1B3AB}.Debug|Any CPU.ActiveCfg = Debug|Any CPU
		{FDF2EF7D-9A40-4C2F-AA0E-5C0335E1B3AB}.Debug|Any CPU.Build.0 = Debug|Any CPU
		{FDF2EF7D-9A40-4C2F-AA0E-5C0335E1B3AB}.Release|Any CPU.ActiveCfg = Release|Any CPU
		{FDF2EF7D-9A40-4C2F-AA0E-5C0335E1B3AB}.Release|Any CPU.Build.0 = Release|Any CPU
		{0484ED6A-9667-41C6-B68C-07CDF4CAAF39}.Debug|Any CPU.ActiveCfg = Debug|Any CPU
		{0484ED6A-9667-41C6-B68C-07CDF4CAAF39}.Debug|Any CPU.Build.0 = Debug|Any CPU
		{0484ED6A-9667-41C6-B68C-07CDF4CAAF39}.Release|Any CPU.ActiveCfg = Release|Any CPU
		{0484ED6A-9667-41C6-B68C-07CDF4CAAF39}.Release|Any CPU.Build.0 = Release|Any CPU
		{2BA5D622-F829-42DB-9A2A-B76A58DCB7B0}.Debug|Any CPU.ActiveCfg = Debug|Any CPU
		{2BA5D622-F829-42DB-9A2A-B76A58DCB7B0}.Debug|Any CPU.Build.0 = Debug|Any CPU
		{2BA5D622-F829-42DB-9A2A-B76A58DCB7B0}.Release|Any CPU.ActiveCfg = Release|Any CPU
		{2BA5D622-F829-42DB-9A2A-B76A58DCB7B0}.Release|Any CPU.Build.0 = Release|Any CPU
		{8C7C9B74-B4E0-46B7-9596-08A935761BEC}.Debug|Any CPU.ActiveCfg = Debug|Any CPU
		{8C7C9B74-B4E0-46B7-9596-08A935761BEC}.Debug|Any CPU.Build.0 = Debug|Any CPU
		{8C7C9B74-B4E0-46B7-9596-08A935761BEC}.Release|Any CPU.ActiveCfg = Release|Any CPU
		{8C7C9B74-B4E0-46B7-9596-08A935761BEC}.Release|Any CPU.Build.0 = Release|Any CPU
		{21D434AC-3C68-451C-BC5B-60A5872E4926}.Debug|Any CPU.ActiveCfg = Debug|Any CPU
		{21D434AC-3C68-451C-BC5B-60A5872E4926}.Debug|Any CPU.Build.0 = Debug|Any CPU
		{21D434AC-3C68-451C-BC5B-60A5872E4926}.Release|Any CPU.ActiveCfg = Release|Any CPU
		{21D434AC-3C68-451C-BC5B-60A5872E4926}.Release|Any CPU.Build.0 = Release|Any CPU
		{CB216CC1-E68B-4978-80D3-031E3E92557B}.Debug|Any CPU.ActiveCfg = Debug|Any CPU
		{CB216CC1-E68B-4978-80D3-031E3E92557B}.Debug|Any CPU.Build.0 = Debug|Any CPU
		{CB216CC1-E68B-4978-80D3-031E3E92557B}.Release|Any CPU.ActiveCfg = Release|Any CPU
		{CB216CC1-E68B-4978-80D3-031E3E92557B}.Release|Any CPU.Build.0 = Release|Any CPU
		{A283450F-161E-403E-8707-E660CFA68EAE}.Debug|Any CPU.ActiveCfg = Debug|Any CPU
		{A283450F-161E-403E-8707-E660CFA68EAE}.Debug|Any CPU.Build.0 = Debug|Any CPU
		{A283450F-161E-403E-8707-E660CFA68EAE}.Release|Any CPU.ActiveCfg = Release|Any CPU
		{A283450F-161E-403E-8707-E660CFA68EAE}.Release|Any CPU.Build.0 = Release|Any CPU
		{99A31991-D27E-4D31-B323-D52ABBAD40A2}.Debug|Any CPU.ActiveCfg = Debug|Any CPU
		{99A31991-D27E-4D31-B323-D52ABBAD40A2}.Debug|Any CPU.Build.0 = Debug|Any CPU
		{99A31991-D27E-4D31-B323-D52ABBAD40A2}.Release|Any CPU.ActiveCfg = Release|Any CPU
		{99A31991-D27E-4D31-B323-D52ABBAD40A2}.Release|Any CPU.Build.0 = Release|Any CPU
		{00C608A8-7B92-4BCA-87DB-1FEA2EE2545B}.Debug|Any CPU.ActiveCfg = Debug|Any CPU
		{00C608A8-7B92-4BCA-87DB-1FEA2EE2545B}.Debug|Any CPU.Build.0 = Debug|Any CPU
		{00C608A8-7B92-4BCA-87DB-1FEA2EE2545B}.Release|Any CPU.ActiveCfg = Release|Any CPU
		{00C608A8-7B92-4BCA-87DB-1FEA2EE2545B}.Release|Any CPU.Build.0 = Release|Any CPU
		{C17BF750-4C90-48C0-A9F6-6C18DFA3279C}.Debug|Any CPU.ActiveCfg = Debug|Any CPU
		{C17BF750-4C90-48C0-A9F6-6C18DFA3279C}.Debug|Any CPU.Build.0 = Debug|Any CPU
		{C17BF750-4C90-48C0-A9F6-6C18DFA3279C}.Release|Any CPU.ActiveCfg = Release|Any CPU
		{C17BF750-4C90-48C0-A9F6-6C18DFA3279C}.Release|Any CPU.Build.0 = Release|Any CPU
	EndGlobalSection
	GlobalSection(SolutionProperties) = preSolution
		HideSolutionNode = FALSE
	EndGlobalSection
	GlobalSection(NestedProjects) = preSolution
		{18B9F579-5B0E-4BE5-9DCC-3B489D25F49D} = {1289CACD-F3AB-4426-83A8-121D4BC8EE3C}
		{CFAEA825-0143-41AF-A213-0AD5EC268B0C} = {18B9F579-5B0E-4BE5-9DCC-3B489D25F49D}
		{4217E2BD-94D8-4222-9309-1FD98A9CEFEF} = {18B9F579-5B0E-4BE5-9DCC-3B489D25F49D}
		{EC892273-42F6-40AD-8F01-CB9A7442F3EB} = {18B9F579-5B0E-4BE5-9DCC-3B489D25F49D}
		{3E5725FE-AE4B-4270-B112-07AA2371CB55} = {18B9F579-5B0E-4BE5-9DCC-3B489D25F49D}
		{86A82C65-0E5C-42FE-AAD1-E2E34D3ADDEF} = {18B9F579-5B0E-4BE5-9DCC-3B489D25F49D}
		{8C505948-00AE-41D2-A6CF-F16C57605ADA} = {18B9F579-5B0E-4BE5-9DCC-3B489D25F49D}
		{146B4725-7280-498A-A410-BBEE5982227F} = {CFAEA825-0143-41AF-A213-0AD5EC268B0C}
		{8E43CB89-3065-4704-A139-6EE65D7F90B0} = {4217E2BD-94D8-4222-9309-1FD98A9CEFEF}
		{FDF2EF7D-9A40-4C2F-AA0E-5C0335E1B3AB} = {EC892273-42F6-40AD-8F01-CB9A7442F3EB}
		{0484ED6A-9667-41C6-B68C-07CDF4CAAF39} = {3E5725FE-AE4B-4270-B112-07AA2371CB55}
		{2BA5D622-F829-42DB-9A2A-B76A58DCB7B0} = {8C505948-00AE-41D2-A6CF-F16C57605ADA}
		{8C7C9B74-B4E0-46B7-9596-08A935761BEC} = {86A82C65-0E5C-42FE-AAD1-E2E34D3ADDEF}
		{21D434AC-3C68-451C-BC5B-60A5872E4926} = {86A82C65-0E5C-42FE-AAD1-E2E34D3ADDEF}
		{CB216CC1-E68B-4978-80D3-031E3E92557B} = {86A82C65-0E5C-42FE-AAD1-E2E34D3ADDEF}
		{A283450F-161E-403E-8707-E660CFA68EAE} = {86A82C65-0E5C-42FE-AAD1-E2E34D3ADDEF}
		{26C429F0-5ED2-45EA-B805-B13961C15D4D} = {1289CACD-F3AB-4426-83A8-121D4BC8EE3C}
		{99A31991-D27E-4D31-B323-D52ABBAD40A2} = {26C429F0-5ED2-45EA-B805-B13961C15D4D}
		{0730FB60-081E-4831-A4BF-44A309380D1C} = {1289CACD-F3AB-4426-83A8-121D4BC8EE3C}
		{FC7FDA99-DF94-4F5B-B134-8A21AE53D0A2} = {0730FB60-081E-4831-A4BF-44A309380D1C}
		{00C608A8-7B92-4BCA-87DB-1FEA2EE2545B} = {FC7FDA99-DF94-4F5B-B134-8A21AE53D0A2}
		{C17BF750-4C90-48C0-A9F6-6C18DFA3279C} = {18B9F579-5B0E-4BE5-9DCC-3B489D25F49D}
	EndGlobalSection
	GlobalSection(ExtensibilityGlobals) = postSolution
		SolutionGuid = {9E9811FD-4BA4-4E7F-91C2-8BF9A3996DBA}
	EndGlobalSection
EndGlobal
